
Microsoft Visual Studio Solution File, Format Version 12.00
# Visual Studio 14
VisualStudioVersion = 14.0.25420.1
MinimumVisualStudioVersion = 10.0.40219.1
Project("{159641D6-6404-4A2A-AE62-294DE0FE8301}") = "DWBI", "DWBI\DWBI.dtproj", "{4B21BEE3-8545-4121-9CBF-E1EA2EFDDE81}"
EndProject
Global
	GlobalSection(SolutionConfigurationPlatforms) = preSolution
		Development|Default = Development|Default
	EndGlobalSection
	GlobalSection(ProjectConfigurationPlatforms) = postSolution
		{4B21BEE3-8545-4121-9CBF-E1EA2EFDDE81}.Development|Default.ActiveCfg = Development
		{4B21BEE3-8545-4121-9CBF-E1EA2EFDDE81}.Development|Default.Build.0 = Development
	EndGlobalSection
	GlobalSection(SolutionProperties) = preSolution
		HideSolutionNode = FALSE
	EndGlobalSection
	GlobalSection(ExtensibilityGlobals) = postSolution
		SolutionGuid = {CAFF7C8A-9C21-4DE0-B9B4-E121D7DCB46F}
	EndGlobalSection
	GlobalSection(TeamFoundationVersionControl) = preSolution
		SccNumberOfProjects = 2
		SccEnterpriseProvider = {4CA58AB2-18FA-4F8D-95D4-32DDF27D184C}
		SccTeamFoundationServer = https://nbtfs.novabase.pt/tfs/244244%20-%20gte%20bs%20perf%20mng
		SccProjectUniqueName0 = DWBI\\DWBI.dtproj
		SccProjectName0 = DWBI
		SccLocalPath0 = DWBI
		SccLocalPath1 = .
	EndGlobalSection
EndGlobal
